// !$*UTF8*$!
{
	archiveVersion = 1;
	classes = {
	};
	objectVersion = 50;
	objects = {

/* Begin PBXBuildFile section */
		A85B7FF02438268E00CC4DCC /* AppDelegate.swift in Sources */ = {isa = PBXBuildFile; fileRef = A85B7FEF2438268E00CC4DCC /* AppDelegate.swift */; };
		A85B7FF22438268E00CC4DCC /* SceneDelegate.swift in Sources */ = {isa = PBXBuildFile; fileRef = A85B7FF12438268E00CC4DCC /* SceneDelegate.swift */; };
		A85B7FF42438268E00CC4DCC /* ViewController.swift in Sources */ = {isa = PBXBuildFile; fileRef = A85B7FF32438268E00CC4DCC /* ViewController.swift */; };
		A85B7FF72438268E00CC4DCC /* Main.storyboard in Resources */ = {isa = PBXBuildFile; fileRef = A85B7FF52438268E00CC4DCC /* Main.storyboard */; };
		A85B7FF92438268F00CC4DCC /* Assets.xcassets in Resources */ = {isa = PBXBuildFile; fileRef = A85B7FF82438268F00CC4DCC /* Assets.xcassets */; };
		A85B7FFC2438268F00CC4DCC /* LaunchScreen.storyboard in Resources */ = {isa = PBXBuildFile; fileRef = A85B7FFA2438268F00CC4DCC /* LaunchScreen.storyboard */; };
		A85B80082438277C00CC4DCC /* BaseViewController.swift in Sources */ = {isa = PBXBuildFile; fileRef = A85B80072438277C00CC4DCC /* BaseViewController.swift */; };
		A85B800E2438302900CC4DCC /* LessonViewController.swift in Sources */ = {isa = PBXBuildFile; fileRef = A85B800D2438302900CC4DCC /* LessonViewController.swift */; };
/* End PBXBuildFile section */

/* Begin PBXFileReference section */
		A85B7FEC2438268E00CC4DCC /* TEE8ACADEMY.app */ = {isa = PBXFileReference; explicitFileType = wrapper.application; includeInIndex = 0; path = TEE8ACADEMY.app; sourceTree = BUILT_PRODUCTS_DIR; };
		A85B7FEF2438268E00CC4DCC /* AppDelegate.swift */ = {isa = PBXFileReference; lastKnownFileType = sourcecode.swift; path = AppDelegate.swift; sourceTree = "<group>"; };
		A85B7FF12438268E00CC4DCC /* SceneDelegate.swift */ = {isa = PBXFileReference; lastKnownFileType = sourcecode.swift; path = SceneDelegate.swift; sourceTree = "<group>"; };
		A85B7FF32438268E00CC4DCC /* ViewController.swift */ = {isa = PBXFileReference; lastKnownFileType = sourcecode.swift; path = ViewController.swift; sourceTree = "<group>"; };
		A85B7FF62438268E00CC4DCC /* Base */ = {isa = PBXFileReference; lastKnownFileType = file.storyboard; name = Base; path = Base.lproj/Main.storyboard; sourceTree = "<group>"; };
		A85B7FF82438268F00CC4DCC /* Assets.xcassets */ = {isa = PBXFileReference; lastKnownFileType = folder.assetcatalog; path = Assets.xcassets; sourceTree = "<group>"; };
		A85B7FFB2438268F00CC4DCC /* Base */ = {isa = PBXFileReference; lastKnownFileType = file.storyboard; name = Base; path = Base.lproj/LaunchScreen.storyboard; sourceTree = "<group>"; };
		A85B7FFD2438268F00CC4DCC /* Info.plist */ = {isa = PBXFileReference; lastKnownFileType = text.plist.xml; path = Info.plist; sourceTree = "<group>"; };
		A85B80072438277C00CC4DCC /* BaseViewController.swift */ = {isa = PBXFileReference; lastKnownFileType = sourcecode.swift; path = BaseViewController.swift; sourceTree = "<group>"; };
		A85B800D2438302900CC4DCC /* LessonViewController.swift */ = {isa = PBXFileReference; lastKnownFileType = sourcecode.swift; path = LessonViewController.swift; sourceTree = "<group>"; };
/* End PBXFileReference section */

/* Begin PBXFrameworksBuildPhase section */
		A85B7FE92438268E00CC4DCC /* Frameworks */ = {
			isa = PBXFrameworksBuildPhase;
			buildActionMask = 2147483647;
			files = (
			);
			runOnlyForDeploymentPostprocessing = 0;
		};
/* End PBXFrameworksBuildPhase section */

/* Begin PBXGroup section */
		A85B7FE32438268E00CC4DCC = {
			isa = PBXGroup;
			children = (
				A85B7FEE2438268E00CC4DCC /* TEE8ACADEMY */,
				A85B7FED2438268E00CC4DCC /* Products */,
			);
			sourceTree = "<group>";
		};
		A85B7FED2438268E00CC4DCC /* Products */ = {
			isa = PBXGroup;
			children = (
				A85B7FEC2438268E00CC4DCC /* TEE8ACADEMY.app */,
			);
			name = Products;
			sourceTree = "<group>";
		};
		A85B7FEE2438268E00CC4DCC /* TEE8ACADEMY */ = {
			isa = PBXGroup;
			children = (
				A85B800C24382EBE00CC4DCC /* Extensions */,
				A85B80062438276900CC4DCC /* Base */,
				A85B80052438275200CC4DCC /* Model */,
				A85B80042438274900CC4DCC /* View */,
				A85B80032438273B00CC4DCC /* Controller */,
				A85B7FEF2438268E00CC4DCC /* AppDelegate.swift */,
				A85B7FF12438268E00CC4DCC /* SceneDelegate.swift */,
				A85B7FF82438268F00CC4DCC /* Assets.xcassets */,
				A85B7FFA2438268F00CC4DCC /* LaunchScreen.storyboard */,
				A85B7FFD2438268F00CC4DCC /* Info.plist */,
			);
			path = TEE8ACADEMY;
			sourceTree = "<group>";
		};
		A85B80032438273B00CC4DCC /* Controller */ = {
			isa = PBXGroup;
			children = (
				A85B800B243827C600CC4DCC /* Shop */,
				A85B800A243827BF00CC4DCC /* Lesson */,
				A85B8009243827B200CC4DCC /* Home */,
			);
			path = Controller;
			sourceTree = "<group>";
		};
		A85B80042438274900CC4DCC /* View */ = {
			isa = PBXGroup;
			children = (
				A85B7FF52438268E00CC4DCC /* Main.storyboard */,
			);
			path = View;
			sourceTree = "<group>";
		};
		A85B80052438275200CC4DCC /* Model */ = {
			isa = PBXGroup;
			children = (
			);
			path = Model;
			sourceTree = "<group>";
		};
		A85B80062438276900CC4DCC /* Base */ = {
			isa = PBXGroup;
			children = (
				A85B80072438277C00CC4DCC /* BaseViewController.swift */,
			);
			path = Base;
			sourceTree = "<group>";
		};
		A85B8009243827B200CC4DCC /* Home */ = {
			isa = PBXGroup;
			children = (
				A85B7FF32438268E00CC4DCC /* ViewController.swift */,
			);
			path = Home;
			sourceTree = "<group>";
		};
		A85B800A243827BF00CC4DCC /* Lesson */ = {
			isa = PBXGroup;
			children = (
				A85B800D2438302900CC4DCC /* LessonViewController.swift */,
			);
			path = Lesson;
			sourceTree = "<group>";
		};
		A85B800B243827C600CC4DCC /* Shop */ = {
			isa = PBXGroup;
			children = (
			);
			path = Shop;
			sourceTree = "<group>";
		};
		A85B800C24382EBE00CC4DCC /* Extensions */ = {
			isa = PBXGroup;
			children = (
			);
			path = Extensions;
			sourceTree = "<group>";
		};
/* End PBXGroup section */

/* Begin PBXNativeTarget section */
		A85B7FEB2438268E00CC4DCC /* TEE8ACADEMY */ = {
			isa = PBXNativeTarget;
			buildConfigurationList = A85B80002438268F00CC4DCC /* Build configuration list for PBXNativeTarget "TEE8ACADEMY" */;
			buildPhases = (
				A85B7FE82438268E00CC4DCC /* Sources */,
				A85B7FE92438268E00CC4DCC /* Frameworks */,
				A85B7FEA2438268E00CC4DCC /* Resources */,
			);
			buildRules = (
			);
			dependencies = (
			);
			name = TEE8ACADEMY;
			productName = TEE8ACADEMY;
			productReference = A85B7FEC2438268E00CC4DCC /* TEE8ACADEMY.app */;
			productType = "com.apple.product-type.application";
		};
/* End PBXNativeTarget section */

/* Begin PBXProject section */
		A85B7FE42438268E00CC4DCC /* Project object */ = {
			isa = PBXProject;
			attributes = {
				LastSwiftUpdateCheck = 1130;
				LastUpgradeCheck = 1130;
				ORGANIZATIONNAME = Fighting;
				TargetAttributes = {
					A85B7FEB2438268E00CC4DCC = {
						CreatedOnToolsVersion = 11.3.1;
					};
				};
			};
			buildConfigurationList = A85B7FE72438268E00CC4DCC /* Build configuration list for PBXProject "TEE8ACADEMY" */;
			compatibilityVersion = "Xcode 9.3";
			developmentRegion = en;
			hasScannedForEncodings = 0;
			knownRegions = (
				en,
				Base,
			);
			mainGroup = A85B7FE32438268E00CC4DCC;
			productRefGroup = A85B7FED2438268E00CC4DCC /* Products */;
			projectDirPath = "";
			projectRoot = "";
			targets = (
				A85B7FEB2438268E00CC4DCC /* TEE8ACADEMY */,
			);
		};
/* End PBXProject section */

/* Begin PBXResourcesBuildPhase section */
		A85B7FEA2438268E00CC4DCC /* Resources */ = {
			isa = PBXResourcesBuildPhase;
			buildActionMask = 2147483647;
			files = (
				A85B7FFC2438268F00CC4DCC /* LaunchScreen.storyboard in Resources */,
				A85B7FF92438268F00CC4DCC /* Assets.xcassets in Resources */,
				A85B7FF72438268E00CC4DCC /* Main.storyboard in Resources */,
			);
			runOnlyForDeploymentPostprocessing = 0;
		};
/* End PBXResourcesBuildPhase section */

/* Begin PBXSourcesBuildPhase section */
		A85B7FE82438268E00CC4DCC /* Sources */ = {
			isa = PBXSourcesBuildPhase;
			buildActionMask = 2147483647;
			files = (
				A85B7FF42438268E00CC4DCC /* ViewController.swift in Sources */,
				A85B80082438277C00CC4DCC /* BaseViewController.swift in Sources */,
				A85B7FF02438268E00CC4DCC /* AppDelegate.swift in Sources */,
				A85B800E2438302900CC4DCC /* LessonViewController.swift in Sources */,
				A85B7FF22438268E00CC4DCC /* SceneDelegate.swift in Sources */,
			);
			runOnlyForDeploymentPostprocessing = 0;
		};
/* End PBXSourcesBuildPhase section */

/* Begin PBXVariantGroup section */
		A85B7FF52438268E00CC4DCC /* Main.storyboard */ = {
			isa = PBXVariantGroup;
			children = (
				A85B7FF62438268E00CC4DCC /* Base */,
			);
			name = Main.storyboard;
			sourceTree = "<group>";
		};
		A85B7FFA2438268F00CC4DCC /* LaunchScreen.storyboard */ = {
			isa = PBXVariantGroup;
			children = (
				A85B7FFB2438268F00CC4DCC /* Base */,
			);
			name = LaunchScreen.storyboard;
			sourceTree = "<group>";
		};
/* End PBXVariantGroup section */

/* Begin XCBuildConfiguration section */
		A85B7FFE2438268F00CC4DCC /* Debug */ = {
			isa = XCBuildConfiguration;
			buildSettings = {
				ALWAYS_SEARCH_USER_PATHS = NO;
				CLANG_ANALYZER_NONNULL = YES;
				CLANG_ANALYZER_NUMBER_OBJECT_CONVERSION = YES_AGGRESSIVE;
				CLANG_CXX_LANGUAGE_STANDARD = "gnu++14";
				CLANG_CXX_LIBRARY = "libc++";
				CLANG_ENABLE_MODULES = YES;
				CLANG_ENABLE_OBJC_ARC = YES;
				CLANG_ENABLE_OBJC_WEAK = YES;
				CLANG_WARN_BLOCK_CAPTURE_AUTORELEASING = YES;
				CLANG_WARN_BOOL_CONVERSION = YES;
				CLANG_WARN_COMMA = YES;
				CLANG_WARN_CONSTANT_CONVERSION = YES;
				CLANG_WARN_DEPRECATED_OBJC_IMPLEMENTATIONS = YES;
				CLANG_WARN_DIRECT_OBJC_ISA_USAGE = YES_ERROR;
				CLANG_WARN_DOCUMENTATION_COMMENTS = YES;
				CLANG_WARN_EMPTY_BODY = YES;
				CLANG_WARN_ENUM_CONVERSION = YES;
				CLANG_WARN_INFINITE_RECURSION = YES;
				CLANG_WARN_INT_CONVERSION = YES;
				CLANG_WARN_NON_LITERAL_NULL_CONVERSION = YES;
				CLANG_WARN_OBJC_IMPLICIT_RETAIN_SELF = YES;
				CLANG_WARN_OBJC_LITERAL_CONVERSION = YES;
				CLANG_WARN_OBJC_ROOT_CLASS = YES_ERROR;
				CLANG_WARN_RANGE_LOOP_ANALYSIS = YES;
				CLANG_WARN_STRICT_PROTOTYPES = YES;
				CLANG_WARN_SUSPICIOUS_MOVE = YES;
				CLANG_WARN_UNGUARDED_AVAILABILITY = YES_AGGRESSIVE;
				CLANG_WARN_UNREACHABLE_CODE = YES;
				CLANG_WARN__DUPLICATE_METHOD_MATCH = YES;
				COPY_PHASE_STRIP = NO;
				DEBUG_INFORMATION_FORMAT = dwarf;
				ENABLE_STRICT_OBJC_MSGSEND = YES;
				ENABLE_TESTABILITY = YES;
				GCC_C_LANGUAGE_STANDARD = gnu11;
				GCC_DYNAMIC_NO_PIC = NO;
				GCC_NO_COMMON_BLOCKS = YES;
				GCC_OPTIMIZATION_LEVEL = 0;
				GCC_PREPROCESSOR_DEFINITIONS = (
					"DEBUG=1",
					"$(inherited)",
				);
				GCC_WARN_64_TO_32_BIT_CONVERSION = YES;
				GCC_WARN_ABOUT_RETURN_TYPE = YES_ERROR;
				GCC_WARN_UNDECLARED_SELECTOR = YES;
				GCC_WARN_UNINITIALIZED_AUTOS = YES_AGGRESSIVE;
				GCC_WARN_UNUSED_FUNCTION = YES;
				GCC_WARN_UNUSED_VARIABLE = YES;
				IPHONEOS_DEPLOYMENT_TARGET = 13.2;
				MTL_ENABLE_DEBUG_INFO = INCLUDE_SOURCE;
				MTL_FAST_MATH = YES;
				ONLY_ACTIVE_ARCH = YES;
				SDKROOT = iphoneos;
				SWIFT_ACTIVE_COMPILATION_CONDITIONS = DEBUG;
				SWIFT_OPTIMIZATION_LEVEL = "-Onone";
			};
			name = Debug;
		};
		A85B7FFF2438268F00CC4DCC /* Release */ = {
			isa = XCBuildConfiguration;
			buildSettings = {
				ALWAYS_SEARCH_USER_PATHS = NO;
				CLANG_ANALYZER_NONNULL = YES;
				CLANG_ANALYZER_NUMBER_OBJECT_CONVERSION = YES_AGGRESSIVE;
				CLANG_CXX_LANGUAGE_STANDARD = "gnu++14";
				CLANG_CXX_LIBRARY = "libc++";
				CLANG_ENABLE_MODULES = YES;
				CLANG_ENABLE_OBJC_ARC = YES;
				CLANG_ENABLE_OBJC_WEAK = YES;
				CLANG_WARN_BLOCK_CAPTURE_AUTORELEASING = YES;
				CLANG_WARN_BOOL_CONVERSION = YES;
				CLANG_WARN_COMMA = YES;
				CLANG_WARN_CONSTANT_CONVERSION = YES;
				CLANG_WARN_DEPRECATED_OBJC_IMPLEMENTATIONS = YES;
				CLANG_WARN_DIRECT_OBJC_ISA_USAGE = YES_ERROR;
				CLANG_WARN_DOCUMENTATION_COMMENTS = YES;
				CLANG_WARN_EMPTY_BODY = YES;
				CLANG_WARN_ENUM_CONVERSION = YES;
				CLANG_WARN_INFINITE_RECURSION = YES;
				CLANG_WARN_INT_CONVERSION = YES;
				CLANG_WARN_NON_LITERAL_NULL_CONVERSION = YES;
				CLANG_WARN_OBJC_IMPLICIT_RETAIN_SELF = YES;
				CLANG_WARN_OBJC_LITERAL_CONVERSION = YES;
				CLANG_WARN_OBJC_ROOT_CLASS = YES_ERROR;
				CLANG_WARN_RANGE_LOOP_ANALYSIS = YES;
				CLANG_WARN_STRICT_PROTOTYPES = YES;
				CLANG_WARN_SUSPICIOUS_MOVE = YES;
				CLANG_WARN_UNGUARDED_AVAILABILITY = YES_AGGRESSIVE;
				CLANG_WARN_UNREACHABLE_CODE = YES;
				CLANG_WARN__DUPLICATE_METHOD_MATCH = YES;
				COPY_PHASE_STRIP = NO;
				DEBUG_INFORMATION_FORMAT = "dwarf-with-dsym";
				ENABLE_NS_ASSERTIONS = NO;
				ENABLE_STRICT_OBJC_MSGSEND = YES;
				GCC_C_LANGUAGE_STANDARD = gnu11;
				GCC_NO_COMMON_BLOCKS = YES;
				GCC_WARN_64_TO_32_BIT_CONVERSION = YES;
				GCC_WARN_ABOUT_RETURN_TYPE = YES_ERROR;
				GCC_WARN_UNDECLARED_SELECTOR = YES;
				GCC_WARN_UNINITIALIZED_AUTOS = YES_AGGRESSIVE;
				GCC_WARN_UNUSED_FUNCTION = YES;
				GCC_WARN_UNUSED_VARIABLE = YES;
				IPHONEOS_DEPLOYMENT_TARGET = 13.2;
				MTL_ENABLE_DEBUG_INFO = NO;
				MTL_FAST_MATH = YES;
				SDKROOT = iphoneos;
				SWIFT_COMPILATION_MODE = wholemodule;
				SWIFT_OPTIMIZATION_LEVEL = "-O";
				VALIDATE_PRODUCT = YES;
			};
			name = Release;
		};
		A85B80012438268F00CC4DCC /* Debug */ = {
			isa = XCBuildConfiguration;
			buildSettings = {
				ASSETCATALOG_COMPILER_APPICON_NAME = AppIcon;
				CODE_SIGN_STYLE = Automatic;
				DEVELOPMENT_TEAM = 2J3K999PRZ;
				INFOPLIST_FILE = TEE8ACADEMY/Info.plist;
				IPHONEOS_DEPLOYMENT_TARGET = 11.0;
				LD_RUNPATH_SEARCH_PATHS = (
					"$(inherited)",
					"@executable_path/Frameworks",
				);
				PRODUCT_BUNDLE_IDENTIFIER = Fighting.TEE8ACADEMY;
				PRODUCT_NAME = "$(TARGET_NAME)";
				SWIFT_VERSION = 5.0;
				TARGETED_DEVICE_FAMILY = 1;
			};
			name = Debug;
		};
		A85B80022438268F00CC4DCC /* Release */ = {
			isa = XCBuildConfiguration;
			buildSettings = {
				ASSETCATALOG_COMPILER_APPICON_NAME = AppIcon;
				CODE_SIGN_STYLE = Automatic;
				DEVELOPMENT_TEAM = 2J3K999PRZ;
				INFOPLIST_FILE = TEE8ACADEMY/Info.plist;
				IPHONEOS_DEPLOYMENT_TARGET = 11.0;
				LD_RUNPATH_SEARCH_PATHS = (
					"$(inherited)",
					"@executable_path/Frameworks",
				);
				PRODUCT_BUNDLE_IDENTIFIER = Fighting.TEE8ACADEMY;
				PRODUCT_NAME = "$(TARGET_NAME)";
				SWIFT_VERSION = 5.0;
				TARGETED_DEVICE_FAMILY = 1;
			};
			name = Release;
		};
/* End XCBuildConfiguration section */

/* Begin XCConfigurationList section */
		A85B7FE72438268E00CC4DCC /* Build configuration list for PBXProject "TEE8ACADEMY" */ = {
			isa = XCConfigurationList;
			buildConfigurations = (
				A85B7FFE2438268F00CC4DCC /* Debug */,
				A85B7FFF2438268F00CC4DCC /* Release */,
			);
			defaultConfigurationIsVisible = 0;
			defaultConfigurationName = Release;
		};
		A85B80002438268F00CC4DCC /* Build configuration list for PBXNativeTarget "TEE8ACADEMY" */ = {
			isa = XCConfigurationList;
			buildConfigurations = (
				A85B80012438268F00CC4DCC /* Debug */,
				A85B80022438268F00CC4DCC /* Release */,
			);
			defaultConfigurationIsVisible = 0;
			defaultConfigurationName = Release;
		};
/* End XCConfigurationList section */
	};
	rootObject = A85B7FE42438268E00CC4DCC /* Project object */;
}
