// !$*UTF8*$!
{
	archiveVersion = 1;
	classes = {
	};
	objectVersion = 51;
	objects = {

/* Begin PBXBuildFile section */
		01000FA1243C89E7004733A2 /* CurrencyTextField.swift in Sources */ = {isa = PBXBuildFile; fileRef = 01000FA0243C89E7004733A2 /* CurrencyTextField.swift */; };
		01272F2E2445ECED001A39ED /* EditCourseVC.swift in Sources */ = {isa = PBXBuildFile; fileRef = 01272F2C2445ECED001A39ED /* EditCourseVC.swift */; };
		01272F2F2445ECED001A39ED /* EditCourseVC.xib in Resources */ = {isa = PBXBuildFile; fileRef = 01272F2D2445ECED001A39ED /* EditCourseVC.xib */; };
		01272F322445F55E001A39ED /* EditPopUpVC.swift in Sources */ = {isa = PBXBuildFile; fileRef = 01272F302445F55E001A39ED /* EditPopUpVC.swift */; };
		01272F332445F55E001A39ED /* EditPopUpVC.xib in Resources */ = {isa = PBXBuildFile; fileRef = 01272F312445F55E001A39ED /* EditPopUpVC.xib */; };
		0143BBE724474B84001C57FF /* DeletePopUpVC.swift in Sources */ = {isa = PBXBuildFile; fileRef = 0143BBE524474B83001C57FF /* DeletePopUpVC.swift */; };
		0143BBE824474B84001C57FF /* DeletePopUpVC.xib in Resources */ = {isa = PBXBuildFile; fileRef = 0143BBE624474B83001C57FF /* DeletePopUpVC.xib */; };
		0143BBEC24476137001C57FF /* UserManagerVC.swift in Sources */ = {isa = PBXBuildFile; fileRef = 0143BBEA24476137001C57FF /* UserManagerVC.swift */; };
		0143BBED24476137001C57FF /* UserManagerVC.xib in Resources */ = {isa = PBXBuildFile; fileRef = 0143BBEB24476137001C57FF /* UserManagerVC.xib */; };
		0143BBF024476285001C57FF /* UserManagerCell.swift in Sources */ = {isa = PBXBuildFile; fileRef = 0143BBEE24476285001C57FF /* UserManagerCell.swift */; };
		0143BBF124476285001C57FF /* UserManagerCell.xib in Resources */ = {isa = PBXBuildFile; fileRef = 0143BBEF24476285001C57FF /* UserManagerCell.xib */; };
		014665E52438CC11008661E2 /* BuyCourseCell.swift in Sources */ = {isa = PBXBuildFile; fileRef = 014665E32438CC11008661E2 /* BuyCourseCell.swift */; };
		014665E62438CC11008661E2 /* BuyCourseCell.xib in Resources */ = {isa = PBXBuildFile; fileRef = 014665E42438CC11008661E2 /* BuyCourseCell.xib */; };
		0146B5D4243EC12B000453E7 /* PushProductVC.swift in Sources */ = {isa = PBXBuildFile; fileRef = 0146B5D2243EC12B000453E7 /* PushProductVC.swift */; };
		0146B5D5243EC12B000453E7 /* PushProductVC.xib in Resources */ = {isa = PBXBuildFile; fileRef = 0146B5D3243EC12B000453E7 /* PushProductVC.xib */; };
		0146B5E1243F1550000453E7 /* Product.swift in Sources */ = {isa = PBXBuildFile; fileRef = 0146B5E0243F1550000453E7 /* Product.swift */; };
		01601EF024459F9000DC4F2C /* BuyProductVC.swift in Sources */ = {isa = PBXBuildFile; fileRef = 01601EEE24459F9000DC4F2C /* BuyProductVC.swift */; };
		01601EF124459F9000DC4F2C /* BuyProductVC.xib in Resources */ = {isa = PBXBuildFile; fileRef = 01601EEF24459F9000DC4F2C /* BuyProductVC.xib */; };
		018759B2244709DE00EAEFE9 /* EditCourseCell.swift in Sources */ = {isa = PBXBuildFile; fileRef = 018759B0244709DE00EAEFE9 /* EditCourseCell.swift */; };
		018759B3244709DE00EAEFE9 /* EditCourseCell.xib in Resources */ = {isa = PBXBuildFile; fileRef = 018759B1244709DE00EAEFE9 /* EditCourseCell.xib */; };
		01B56D3F243C6B6100B0D804 /* PushCourseVC.swift in Sources */ = {isa = PBXBuildFile; fileRef = 01B56D3D243C6B6100B0D804 /* PushCourseVC.swift */; };
		01B56D40243C6B6100B0D804 /* PushCourseVC.xib in Resources */ = {isa = PBXBuildFile; fileRef = 01B56D3E243C6B6100B0D804 /* PushCourseVC.xib */; };
		A80CECE4243C2374001785DC /* RegisterAccountVC.swift in Sources */ = {isa = PBXBuildFile; fileRef = A80CECE2243C2374001785DC /* RegisterAccountVC.swift */; };
		A80CECE5243C2374001785DC /* RegisterAccountVC.xib in Resources */ = {isa = PBXBuildFile; fileRef = A80CECE3243C2374001785DC /* RegisterAccountVC.xib */; };
		A80CECE7243C23DE001785DC /* SegmentedControl.swift in Sources */ = {isa = PBXBuildFile; fileRef = A80CECE6243C23DE001785DC /* SegmentedControl.swift */; };
		A80CECF3243C354B001785DC /* RegisterAccountCell.swift in Sources */ = {isa = PBXBuildFile; fileRef = A80CECF1243C354B001785DC /* RegisterAccountCell.swift */; };
		A80CECF4243C354B001785DC /* RegisterAccountCell.xib in Resources */ = {isa = PBXBuildFile; fileRef = A80CECF2243C354B001785DC /* RegisterAccountCell.xib */; };
		A810224C243DDC250089AE63 /* ForgetPasswordVC.swift in Sources */ = {isa = PBXBuildFile; fileRef = A810224A243DDC250089AE63 /* ForgetPasswordVC.swift */; };
		A810224D243DDC250089AE63 /* ForgetPasswordVC.xib in Resources */ = {isa = PBXBuildFile; fileRef = A810224B243DDC250089AE63 /* ForgetPasswordVC.xib */; };
		A8102250243DFCC60089AE63 /* ChangePasswordVC.swift in Sources */ = {isa = PBXBuildFile; fileRef = A810224E243DFCC60089AE63 /* ChangePasswordVC.swift */; };
		A8102251243DFCC60089AE63 /* ChangePasswordVC.xib in Resources */ = {isa = PBXBuildFile; fileRef = A810224F243DFCC60089AE63 /* ChangePasswordVC.xib */; };
		A817068C244612A1007C9F2C /* CheckOutVC.swift in Sources */ = {isa = PBXBuildFile; fileRef = A817068A244612A1007C9F2C /* CheckOutVC.swift */; };
		A817068D244612A1007C9F2C /* CheckOutVC.xib in Resources */ = {isa = PBXBuildFile; fileRef = A817068B244612A1007C9F2C /* CheckOutVC.xib */; };
		A8170691244617A2007C9F2C /* CheckOutCell.swift in Sources */ = {isa = PBXBuildFile; fileRef = A817068F244617A2007C9F2C /* CheckOutCell.swift */; };
		A8170692244617A2007C9F2C /* CheckOutCell.xib in Resources */ = {isa = PBXBuildFile; fileRef = A8170690244617A2007C9F2C /* CheckOutCell.xib */; };
		A81843E0244487F2000BF147 /* AccountVC.swift in Sources */ = {isa = PBXBuildFile; fileRef = A81843DF244487F2000BF147 /* AccountVC.swift */; };
		A819AFDB243F4FED009AB1A6 /* Video.swift in Sources */ = {isa = PBXBuildFile; fileRef = A819AFDA243F4FED009AB1A6 /* Video.swift */; };
		A819AFDF243F5AE5009AB1A6 /* AcademyCell.swift in Sources */ = {isa = PBXBuildFile; fileRef = A819AFDD243F5AE5009AB1A6 /* AcademyCell.swift */; };
		A819AFE0243F5AE5009AB1A6 /* AcademyCell.xib in Resources */ = {isa = PBXBuildFile; fileRef = A819AFDE243F5AE5009AB1A6 /* AcademyCell.xib */; };
		A821AB16243B8AFB0063A194 /* AcademyVC.swift in Sources */ = {isa = PBXBuildFile; fileRef = A821AB15243B8AFB0063A194 /* AcademyVC.swift */; };
		A821AB18243B8B1E0063A194 /* StoreVC.swift in Sources */ = {isa = PBXBuildFile; fileRef = A821AB17243B8B1E0063A194 /* StoreVC.swift */; };
		A821AB1C243B8BB40063A194 /* AdminPopupVC.swift in Sources */ = {isa = PBXBuildFile; fileRef = A821AB1A243B8BB40063A194 /* AdminPopupVC.swift */; };
		A821AB1D243B8BB40063A194 /* AdminPopupVC.xib in Resources */ = {isa = PBXBuildFile; fileRef = A821AB1B243B8BB40063A194 /* AdminPopupVC.xib */; };
		A823C73424383DAF00F749C2 /* GoogleService-Info.plist in Resources */ = {isa = PBXBuildFile; fileRef = A823C73324383DAF00F749C2 /* GoogleService-Info.plist */; };
		A823C7412438839C00F749C2 /* Quicksand-Medium.ttf in Resources */ = {isa = PBXBuildFile; fileRef = A823C73D2438839C00F749C2 /* Quicksand-Medium.ttf */; };
		A823C7422438839C00F749C2 /* Quicksand-Regular.ttf in Resources */ = {isa = PBXBuildFile; fileRef = A823C73E2438839C00F749C2 /* Quicksand-Regular.ttf */; };
		A823C7432438839C00F749C2 /* Quicksand-Light.ttf in Resources */ = {isa = PBXBuildFile; fileRef = A823C73F2438839C00F749C2 /* Quicksand-Light.ttf */; };
		A823C7442438839C00F749C2 /* Quicksand-Bold.ttf in Resources */ = {isa = PBXBuildFile; fileRef = A823C7402438839C00F749C2 /* Quicksand-Bold.ttf */; };
		A823C74824388A0300F749C2 /* RegisterVC.swift in Sources */ = {isa = PBXBuildFile; fileRef = A823C74624388A0300F749C2 /* RegisterVC.swift */; };
		A823C74924388A0300F749C2 /* RegisterVC.xib in Resources */ = {isa = PBXBuildFile; fileRef = A823C74724388A0300F749C2 /* RegisterVC.xib */; };
		A83ABBF1243F495E0039E64C /* HeaderCell.swift in Sources */ = {isa = PBXBuildFile; fileRef = A83ABBEF243F495E0039E64C /* HeaderCell.swift */; };
		A83ABBF2243F495E0039E64C /* HeaderCell.xib in Resources */ = {isa = PBXBuildFile; fileRef = A83ABBF0243F495E0039E64C /* HeaderCell.xib */; };
		A85B7FF02438268E00CC4DCC /* AppDelegate.swift in Sources */ = {isa = PBXBuildFile; fileRef = A85B7FEF2438268E00CC4DCC /* AppDelegate.swift */; };
		A85B7FF22438268E00CC4DCC /* SceneDelegate.swift in Sources */ = {isa = PBXBuildFile; fileRef = A85B7FF12438268E00CC4DCC /* SceneDelegate.swift */; };
		A85B7FF42438268E00CC4DCC /* ViewController.swift in Sources */ = {isa = PBXBuildFile; fileRef = A85B7FF32438268E00CC4DCC /* ViewController.swift */; };
		A85B7FF72438268E00CC4DCC /* Main.storyboard in Resources */ = {isa = PBXBuildFile; fileRef = A85B7FF52438268E00CC4DCC /* Main.storyboard */; };
		A85B7FF92438268F00CC4DCC /* Assets.xcassets in Resources */ = {isa = PBXBuildFile; fileRef = A85B7FF82438268F00CC4DCC /* Assets.xcassets */; };
		A85B7FFC2438268F00CC4DCC /* LaunchScreen.storyboard in Resources */ = {isa = PBXBuildFile; fileRef = A85B7FFA2438268F00CC4DCC /* LaunchScreen.storyboard */; };
		A85B80082438277C00CC4DCC /* BaseViewController.swift in Sources */ = {isa = PBXBuildFile; fileRef = A85B80072438277C00CC4DCC /* BaseViewController.swift */; };
		A85FAAEA24433F0900C2F723 /* VerifyAccountVC.swift in Sources */ = {isa = PBXBuildFile; fileRef = A85FAAE824433F0900C2F723 /* VerifyAccountVC.swift */; };
		A85FAAEB24433F0900C2F723 /* VerifyAccountVC.xib in Resources */ = {isa = PBXBuildFile; fileRef = A85FAAE924433F0900C2F723 /* VerifyAccountVC.xib */; };
		A85FAAEE24434E2C00C2F723 /* CreatePasswordVC.swift in Sources */ = {isa = PBXBuildFile; fileRef = A85FAAEC24434E2C00C2F723 /* CreatePasswordVC.swift */; };
		A85FAAEF24434E2C00C2F723 /* CreatePasswordVC.xib in Resources */ = {isa = PBXBuildFile; fileRef = A85FAAED24434E2C00C2F723 /* CreatePasswordVC.xib */; };
		A883494D2446F8A200587024 /* PopupCheckOutVC.swift in Sources */ = {isa = PBXBuildFile; fileRef = A883494B2446F8A200587024 /* PopupCheckOutVC.swift */; };
		A883494E2446F8A200587024 /* PopupCheckOutVC.xib in Resources */ = {isa = PBXBuildFile; fileRef = A883494C2446F8A200587024 /* PopupCheckOutVC.xib */; };
		A88349552447508B00587024 /* OrderCell.swift in Sources */ = {isa = PBXBuildFile; fileRef = A88349532447508B00587024 /* OrderCell.swift */; };
		A88349562447508B00587024 /* OrderCell.xib in Resources */ = {isa = PBXBuildFile; fileRef = A88349542447508B00587024 /* OrderCell.xib */; };
		A88349592447672000587024 /* ProductCell.swift in Sources */ = {isa = PBXBuildFile; fileRef = A88349572447672000587024 /* ProductCell.swift */; };
		A883495A2447672000587024 /* ProductCell.xib in Resources */ = {isa = PBXBuildFile; fileRef = A88349582447672000587024 /* ProductCell.xib */; };
		A88A42CE2439D99A0013BAFB /* Constant.swift in Sources */ = {isa = PBXBuildFile; fileRef = A88A42CD2439D99A0013BAFB /* Constant.swift */; };
		A88A42D0243A08230013BAFB /* Tabbar.storyboard in Resources */ = {isa = PBXBuildFile; fileRef = A88A42CF243A08230013BAFB /* Tabbar.storyboard */; };
		A88A42D4243A14B00013BAFB /* PopupPaymentVC.swift in Sources */ = {isa = PBXBuildFile; fileRef = A88A42D2243A14B00013BAFB /* PopupPaymentVC.swift */; };
		A88A42D5243A14B00013BAFB /* PopupPaymentVC.xib in Resources */ = {isa = PBXBuildFile; fileRef = A88A42D3243A14B00013BAFB /* PopupPaymentVC.xib */; };
		A899AA23243E2AF80032DCDA /* SessionData.swift in Sources */ = {isa = PBXBuildFile; fileRef = A899AA22243E2AF80032DCDA /* SessionData.swift */; };
		A8A700412438BC3200B2139D /* User.swift in Sources */ = {isa = PBXBuildFile; fileRef = A8A700402438BC3200B2139D /* User.swift */; };
		A8A700442438C2B700B2139D /* BuyCourseVC.swift in Sources */ = {isa = PBXBuildFile; fileRef = A8A700422438C2B700B2139D /* BuyCourseVC.swift */; };
		A8A700452438C2B700B2139D /* BuyCourseVC.xib in Resources */ = {isa = PBXBuildFile; fileRef = A8A700432438C2B700B2139D /* BuyCourseVC.xib */; };
		A8A700482438C62600B2139D /* SendReceiveVC.swift in Sources */ = {isa = PBXBuildFile; fileRef = A8A700462438C62600B2139D /* SendReceiveVC.swift */; };
		A8A700492438C62600B2139D /* SendReceiptVC.xib in Resources */ = {isa = PBXBuildFile; fileRef = A8A700472438C62600B2139D /* SendReceiptVC.xib */; };
		A8A7004B2438C6EF00B2139D /* Extensions.swift in Sources */ = {isa = PBXBuildFile; fileRef = A8A7004A2438C6EF00B2139D /* Extensions.swift */; };
		A8D91CF6243F4C240087A86E /* VideoCell.swift in Sources */ = {isa = PBXBuildFile; fileRef = A8D91CF4243F4C240087A86E /* VideoCell.swift */; };
		A8D91CF7243F4C240087A86E /* VideoCell.xib in Resources */ = {isa = PBXBuildFile; fileRef = A8D91CF5243F4C240087A86E /* VideoCell.xib */; };
		DC2DC9B24EA360C2984C95A3 /* Pods_TEE8ACADEMY.framework in Frameworks */ = {isa = PBXBuildFile; fileRef = 7D77AEEF61AD4E30056EE1D3 /* Pods_TEE8ACADEMY.framework */; };
/* End PBXBuildFile section */

/* Begin PBXFileReference section */
		01000FA0243C89E7004733A2 /* CurrencyTextField.swift */ = {isa = PBXFileReference; fileEncoding = 4; lastKnownFileType = sourcecode.swift; path = CurrencyTextField.swift; sourceTree = "<group>"; };
		01272F2C2445ECED001A39ED /* EditCourseVC.swift */ = {isa = PBXFileReference; lastKnownFileType = sourcecode.swift; path = EditCourseVC.swift; sourceTree = "<group>"; };
		01272F2D2445ECED001A39ED /* EditCourseVC.xib */ = {isa = PBXFileReference; lastKnownFileType = file.xib; path = EditCourseVC.xib; sourceTree = "<group>"; };
		01272F302445F55E001A39ED /* EditPopUpVC.swift */ = {isa = PBXFileReference; lastKnownFileType = sourcecode.swift; path = EditPopUpVC.swift; sourceTree = "<group>"; };
		01272F312445F55E001A39ED /* EditPopUpVC.xib */ = {isa = PBXFileReference; lastKnownFileType = file.xib; path = EditPopUpVC.xib; sourceTree = "<group>"; };
		0143BBE524474B83001C57FF /* DeletePopUpVC.swift */ = {isa = PBXFileReference; lastKnownFileType = sourcecode.swift; path = DeletePopUpVC.swift; sourceTree = "<group>"; };
		0143BBE624474B83001C57FF /* DeletePopUpVC.xib */ = {isa = PBXFileReference; lastKnownFileType = file.xib; path = DeletePopUpVC.xib; sourceTree = "<group>"; };
		0143BBEA24476137001C57FF /* UserManagerVC.swift */ = {isa = PBXFileReference; lastKnownFileType = sourcecode.swift; path = UserManagerVC.swift; sourceTree = "<group>"; };
		0143BBEB24476137001C57FF /* UserManagerVC.xib */ = {isa = PBXFileReference; lastKnownFileType = file.xib; path = UserManagerVC.xib; sourceTree = "<group>"; };
		0143BBEE24476285001C57FF /* UserManagerCell.swift */ = {isa = PBXFileReference; lastKnownFileType = sourcecode.swift; path = UserManagerCell.swift; sourceTree = "<group>"; };
		0143BBEF24476285001C57FF /* UserManagerCell.xib */ = {isa = PBXFileReference; lastKnownFileType = file.xib; path = UserManagerCell.xib; sourceTree = "<group>"; };
		014665E32438CC11008661E2 /* BuyCourseCell.swift */ = {isa = PBXFileReference; lastKnownFileType = sourcecode.swift; path = BuyCourseCell.swift; sourceTree = "<group>"; };
		014665E42438CC11008661E2 /* BuyCourseCell.xib */ = {isa = PBXFileReference; lastKnownFileType = file.xib; path = BuyCourseCell.xib; sourceTree = "<group>"; };
		0146B5D2243EC12B000453E7 /* PushProductVC.swift */ = {isa = PBXFileReference; lastKnownFileType = sourcecode.swift; path = PushProductVC.swift; sourceTree = "<group>"; };
		0146B5D3243EC12B000453E7 /* PushProductVC.xib */ = {isa = PBXFileReference; lastKnownFileType = file.xib; path = PushProductVC.xib; sourceTree = "<group>"; };
		0146B5E0243F1550000453E7 /* Product.swift */ = {isa = PBXFileReference; lastKnownFileType = sourcecode.swift; path = Product.swift; sourceTree = "<group>"; };
		01601EEE24459F9000DC4F2C /* BuyProductVC.swift */ = {isa = PBXFileReference; lastKnownFileType = sourcecode.swift; path = BuyProductVC.swift; sourceTree = "<group>"; };
		01601EEF24459F9000DC4F2C /* BuyProductVC.xib */ = {isa = PBXFileReference; lastKnownFileType = file.xib; path = BuyProductVC.xib; sourceTree = "<group>"; };
		018759B0244709DE00EAEFE9 /* EditCourseCell.swift */ = {isa = PBXFileReference; lastKnownFileType = sourcecode.swift; path = EditCourseCell.swift; sourceTree = "<group>"; };
		018759B1244709DE00EAEFE9 /* EditCourseCell.xib */ = {isa = PBXFileReference; lastKnownFileType = file.xib; path = EditCourseCell.xib; sourceTree = "<group>"; };
		01B56D3D243C6B6100B0D804 /* PushCourseVC.swift */ = {isa = PBXFileReference; lastKnownFileType = sourcecode.swift; path = PushCourseVC.swift; sourceTree = "<group>"; };
		01B56D3E243C6B6100B0D804 /* PushCourseVC.xib */ = {isa = PBXFileReference; lastKnownFileType = file.xib; path = PushCourseVC.xib; sourceTree = "<group>"; };
		5D0F17786205A1FAF2E65BC2 /* Pods-TEE8ACADEMY.debug.xcconfig */ = {isa = PBXFileReference; includeInIndex = 1; lastKnownFileType = text.xcconfig; name = "Pods-TEE8ACADEMY.debug.xcconfig"; path = "Target Support Files/Pods-TEE8ACADEMY/Pods-TEE8ACADEMY.debug.xcconfig"; sourceTree = "<group>"; };
		7D77AEEF61AD4E30056EE1D3 /* Pods_TEE8ACADEMY.framework */ = {isa = PBXFileReference; explicitFileType = wrapper.framework; includeInIndex = 0; path = Pods_TEE8ACADEMY.framework; sourceTree = BUILT_PRODUCTS_DIR; };
		A809087524407019002FA6E5 /* TEE 8 ACADEMY.entitlements */ = {isa = PBXFileReference; lastKnownFileType = text.plist.entitlements; path = "TEE 8 ACADEMY.entitlements"; sourceTree = "<group>"; };
		A80CECE2243C2374001785DC /* RegisterAccountVC.swift */ = {isa = PBXFileReference; lastKnownFileType = sourcecode.swift; path = RegisterAccountVC.swift; sourceTree = "<group>"; };
		A80CECE3243C2374001785DC /* RegisterAccountVC.xib */ = {isa = PBXFileReference; lastKnownFileType = file.xib; path = RegisterAccountVC.xib; sourceTree = "<group>"; };
		A80CECE6243C23DE001785DC /* SegmentedControl.swift */ = {isa = PBXFileReference; fileEncoding = 4; lastKnownFileType = sourcecode.swift; path = SegmentedControl.swift; sourceTree = "<group>"; };
		A80CECF1243C354B001785DC /* RegisterAccountCell.swift */ = {isa = PBXFileReference; lastKnownFileType = sourcecode.swift; path = RegisterAccountCell.swift; sourceTree = "<group>"; };
		A80CECF2243C354B001785DC /* RegisterAccountCell.xib */ = {isa = PBXFileReference; lastKnownFileType = file.xib; path = RegisterAccountCell.xib; sourceTree = "<group>"; };
		A810224A243DDC250089AE63 /* ForgetPasswordVC.swift */ = {isa = PBXFileReference; lastKnownFileType = sourcecode.swift; path = ForgetPasswordVC.swift; sourceTree = "<group>"; };
		A810224B243DDC250089AE63 /* ForgetPasswordVC.xib */ = {isa = PBXFileReference; lastKnownFileType = file.xib; path = ForgetPasswordVC.xib; sourceTree = "<group>"; };
		A810224E243DFCC60089AE63 /* ChangePasswordVC.swift */ = {isa = PBXFileReference; lastKnownFileType = sourcecode.swift; path = ChangePasswordVC.swift; sourceTree = "<group>"; };
		A810224F243DFCC60089AE63 /* ChangePasswordVC.xib */ = {isa = PBXFileReference; lastKnownFileType = file.xib; path = ChangePasswordVC.xib; sourceTree = "<group>"; };
		A817068A244612A1007C9F2C /* CheckOutVC.swift */ = {isa = PBXFileReference; lastKnownFileType = sourcecode.swift; path = CheckOutVC.swift; sourceTree = "<group>"; };
		A817068B244612A1007C9F2C /* CheckOutVC.xib */ = {isa = PBXFileReference; lastKnownFileType = file.xib; path = CheckOutVC.xib; sourceTree = "<group>"; };
		A817068F244617A2007C9F2C /* CheckOutCell.swift */ = {isa = PBXFileReference; lastKnownFileType = sourcecode.swift; path = CheckOutCell.swift; sourceTree = "<group>"; };
		A8170690244617A2007C9F2C /* CheckOutCell.xib */ = {isa = PBXFileReference; lastKnownFileType = file.xib; path = CheckOutCell.xib; sourceTree = "<group>"; };
		A81843DF244487F2000BF147 /* AccountVC.swift */ = {isa = PBXFileReference; lastKnownFileType = sourcecode.swift; path = AccountVC.swift; sourceTree = "<group>"; };
		A819AFDA243F4FED009AB1A6 /* Video.swift */ = {isa = PBXFileReference; lastKnownFileType = sourcecode.swift; path = Video.swift; sourceTree = "<group>"; };
		A819AFDD243F5AE5009AB1A6 /* AcademyCell.swift */ = {isa = PBXFileReference; lastKnownFileType = sourcecode.swift; path = AcademyCell.swift; sourceTree = "<group>"; };
		A819AFDE243F5AE5009AB1A6 /* AcademyCell.xib */ = {isa = PBXFileReference; lastKnownFileType = file.xib; path = AcademyCell.xib; sourceTree = "<group>"; };
		A821AB15243B8AFB0063A194 /* AcademyVC.swift */ = {isa = PBXFileReference; lastKnownFileType = sourcecode.swift; path = AcademyVC.swift; sourceTree = "<group>"; };
		A821AB17243B8B1E0063A194 /* StoreVC.swift */ = {isa = PBXFileReference; lastKnownFileType = sourcecode.swift; path = StoreVC.swift; sourceTree = "<group>"; };
		A821AB1A243B8BB40063A194 /* AdminPopupVC.swift */ = {isa = PBXFileReference; lastKnownFileType = sourcecode.swift; path = AdminPopupVC.swift; sourceTree = "<group>"; };
		A821AB1B243B8BB40063A194 /* AdminPopupVC.xib */ = {isa = PBXFileReference; lastKnownFileType = file.xib; path = AdminPopupVC.xib; sourceTree = "<group>"; };
		A823C73324383DAF00F749C2 /* GoogleService-Info.plist */ = {isa = PBXFileReference; fileEncoding = 4; lastKnownFileType = text.plist.xml; path = "GoogleService-Info.plist"; sourceTree = "<group>"; };
		A823C73D2438839C00F749C2 /* Quicksand-Medium.ttf */ = {isa = PBXFileReference; lastKnownFileType = file; path = "Quicksand-Medium.ttf"; sourceTree = "<group>"; };
		A823C73E2438839C00F749C2 /* Quicksand-Regular.ttf */ = {isa = PBXFileReference; lastKnownFileType = file; path = "Quicksand-Regular.ttf"; sourceTree = "<group>"; };
		A823C73F2438839C00F749C2 /* Quicksand-Light.ttf */ = {isa = PBXFileReference; lastKnownFileType = file; path = "Quicksand-Light.ttf"; sourceTree = "<group>"; };
		A823C7402438839C00F749C2 /* Quicksand-Bold.ttf */ = {isa = PBXFileReference; lastKnownFileType = file; path = "Quicksand-Bold.ttf"; sourceTree = "<group>"; };
		A823C74624388A0300F749C2 /* RegisterVC.swift */ = {isa = PBXFileReference; lastKnownFileType = sourcecode.swift; path = RegisterVC.swift; sourceTree = "<group>"; };
		A823C74724388A0300F749C2 /* RegisterVC.xib */ = {isa = PBXFileReference; lastKnownFileType = file.xib; path = RegisterVC.xib; sourceTree = "<group>"; };
		A83ABBEF243F495E0039E64C /* HeaderCell.swift */ = {isa = PBXFileReference; lastKnownFileType = sourcecode.swift; path = HeaderCell.swift; sourceTree = "<group>"; };
		A83ABBF0243F495E0039E64C /* HeaderCell.xib */ = {isa = PBXFileReference; lastKnownFileType = file.xib; path = HeaderCell.xib; sourceTree = "<group>"; };
		A85B7FEC2438268E00CC4DCC /* TEE 8 ACADEMY.app */ = {isa = PBXFileReference; explicitFileType = wrapper.application; includeInIndex = 0; path = "TEE 8 ACADEMY.app"; sourceTree = BUILT_PRODUCTS_DIR; };
		A85B7FEF2438268E00CC4DCC /* AppDelegate.swift */ = {isa = PBXFileReference; lastKnownFileType = sourcecode.swift; path = AppDelegate.swift; sourceTree = "<group>"; };
		A85B7FF12438268E00CC4DCC /* SceneDelegate.swift */ = {isa = PBXFileReference; lastKnownFileType = sourcecode.swift; path = SceneDelegate.swift; sourceTree = "<group>"; };
		A85B7FF32438268E00CC4DCC /* ViewController.swift */ = {isa = PBXFileReference; lastKnownFileType = sourcecode.swift; path = ViewController.swift; sourceTree = "<group>"; };
		A85B7FF62438268E00CC4DCC /* Base */ = {isa = PBXFileReference; lastKnownFileType = file.storyboard; name = Base; path = Base.lproj/Main.storyboard; sourceTree = "<group>"; };
		A85B7FF82438268F00CC4DCC /* Assets.xcassets */ = {isa = PBXFileReference; lastKnownFileType = folder.assetcatalog; path = Assets.xcassets; sourceTree = "<group>"; };
		A85B7FFB2438268F00CC4DCC /* Base */ = {isa = PBXFileReference; lastKnownFileType = file.storyboard; name = Base; path = Base.lproj/LaunchScreen.storyboard; sourceTree = "<group>"; };
		A85B7FFD2438268F00CC4DCC /* Info.plist */ = {isa = PBXFileReference; lastKnownFileType = text.plist.xml; path = Info.plist; sourceTree = "<group>"; };
		A85B80072438277C00CC4DCC /* BaseViewController.swift */ = {isa = PBXFileReference; lastKnownFileType = sourcecode.swift; path = BaseViewController.swift; sourceTree = "<group>"; };
		A85FAAE824433F0900C2F723 /* VerifyAccountVC.swift */ = {isa = PBXFileReference; lastKnownFileType = sourcecode.swift; path = VerifyAccountVC.swift; sourceTree = "<group>"; };
		A85FAAE924433F0900C2F723 /* VerifyAccountVC.xib */ = {isa = PBXFileReference; lastKnownFileType = file.xib; path = VerifyAccountVC.xib; sourceTree = "<group>"; };
		A85FAAEC24434E2C00C2F723 /* CreatePasswordVC.swift */ = {isa = PBXFileReference; lastKnownFileType = sourcecode.swift; path = CreatePasswordVC.swift; sourceTree = "<group>"; };
		A85FAAED24434E2C00C2F723 /* CreatePasswordVC.xib */ = {isa = PBXFileReference; lastKnownFileType = file.xib; path = CreatePasswordVC.xib; sourceTree = "<group>"; };
		A883494B2446F8A200587024 /* PopupCheckOutVC.swift */ = {isa = PBXFileReference; lastKnownFileType = sourcecode.swift; path = PopupCheckOutVC.swift; sourceTree = "<group>"; };
		A883494C2446F8A200587024 /* PopupCheckOutVC.xib */ = {isa = PBXFileReference; lastKnownFileType = file.xib; path = PopupCheckOutVC.xib; sourceTree = "<group>"; };
		A88349532447508B00587024 /* OrderCell.swift */ = {isa = PBXFileReference; lastKnownFileType = sourcecode.swift; path = OrderCell.swift; sourceTree = "<group>"; };
		A88349542447508B00587024 /* OrderCell.xib */ = {isa = PBXFileReference; lastKnownFileType = file.xib; path = OrderCell.xib; sourceTree = "<group>"; };
		A88349572447672000587024 /* ProductCell.swift */ = {isa = PBXFileReference; lastKnownFileType = sourcecode.swift; path = ProductCell.swift; sourceTree = "<group>"; };
		A88349582447672000587024 /* ProductCell.xib */ = {isa = PBXFileReference; lastKnownFileType = file.xib; path = ProductCell.xib; sourceTree = "<group>"; };
		A88A42CD2439D99A0013BAFB /* Constant.swift */ = {isa = PBXFileReference; lastKnownFileType = sourcecode.swift; path = Constant.swift; sourceTree = "<group>"; };
		A88A42CF243A08230013BAFB /* Tabbar.storyboard */ = {isa = PBXFileReference; lastKnownFileType = file.storyboard; path = Tabbar.storyboard; sourceTree = "<group>"; };
		A88A42D2243A14B00013BAFB /* PopupPaymentVC.swift */ = {isa = PBXFileReference; lastKnownFileType = sourcecode.swift; path = PopupPaymentVC.swift; sourceTree = "<group>"; };
		A88A42D3243A14B00013BAFB /* PopupPaymentVC.xib */ = {isa = PBXFileReference; lastKnownFileType = file.xib; path = PopupPaymentVC.xib; sourceTree = "<group>"; };
		A899AA22243E2AF80032DCDA /* SessionData.swift */ = {isa = PBXFileReference; lastKnownFileType = sourcecode.swift; path = SessionData.swift; sourceTree = "<group>"; };
		A8A700402438BC3200B2139D /* User.swift */ = {isa = PBXFileReference; lastKnownFileType = sourcecode.swift; path = User.swift; sourceTree = "<group>"; };
		A8A700422438C2B700B2139D /* BuyCourseVC.swift */ = {isa = PBXFileReference; lastKnownFileType = sourcecode.swift; path = BuyCourseVC.swift; sourceTree = "<group>"; };
		A8A700432438C2B700B2139D /* BuyCourseVC.xib */ = {isa = PBXFileReference; lastKnownFileType = file.xib; path = BuyCourseVC.xib; sourceTree = "<group>"; };
		A8A700462438C62600B2139D /* SendReceiveVC.swift */ = {isa = PBXFileReference; lastKnownFileType = sourcecode.swift; path = SendReceiveVC.swift; sourceTree = "<group>"; };
		A8A700472438C62600B2139D /* SendReceiptVC.xib */ = {isa = PBXFileReference; lastKnownFileType = file.xib; path = SendReceiptVC.xib; sourceTree = "<group>"; };
		A8A7004A2438C6EF00B2139D /* Extensions.swift */ = {isa = PBXFileReference; lastKnownFileType = sourcecode.swift; path = Extensions.swift; sourceTree = "<group>"; };
		A8D91CF4243F4C240087A86E /* VideoCell.swift */ = {isa = PBXFileReference; lastKnownFileType = sourcecode.swift; path = VideoCell.swift; sourceTree = "<group>"; };
		A8D91CF5243F4C240087A86E /* VideoCell.xib */ = {isa = PBXFileReference; lastKnownFileType = file.xib; path = VideoCell.xib; sourceTree = "<group>"; };
		EAAD0E2A462139679C3A5074 /* Pods-TEE8ACADEMY.release.xcconfig */ = {isa = PBXFileReference; includeInIndex = 1; lastKnownFileType = text.xcconfig; name = "Pods-TEE8ACADEMY.release.xcconfig"; path = "Target Support Files/Pods-TEE8ACADEMY/Pods-TEE8ACADEMY.release.xcconfig"; sourceTree = "<group>"; };
/* End PBXFileReference section */

/* Begin PBXFrameworksBuildPhase section */
		A85B7FE92438268E00CC4DCC /* Frameworks */ = {
			isa = PBXFrameworksBuildPhase;
			buildActionMask = 2147483647;
			files = (
				DC2DC9B24EA360C2984C95A3 /* Pods_TEE8ACADEMY.framework in Frameworks */,
			);
			runOnlyForDeploymentPostprocessing = 0;
		};
/* End PBXFrameworksBuildPhase section */

/* Begin PBXGroup section */
		01272F2B2445ECBF001A39ED /* EditCourse */ = {
			isa = PBXGroup;
			children = (
				018759AF2447097D00EAEFE9 /* EditCell */,
				01272F2C2445ECED001A39ED /* EditCourseVC.swift */,
				01272F2D2445ECED001A39ED /* EditCourseVC.xib */,
				01272F302445F55E001A39ED /* EditPopUpVC.swift */,
				01272F312445F55E001A39ED /* EditPopUpVC.xib */,
				0143BBE524474B83001C57FF /* DeletePopUpVC.swift */,
				0143BBE624474B83001C57FF /* DeletePopUpVC.xib */,
			);
			path = EditCourse;
			sourceTree = "<group>";
		};
		0143BBE924476102001C57FF /* UserManager */ = {
			isa = PBXGroup;
			children = (
				014686FD2447FA47008CE599 /* TableCell */,
				0143BBEA24476137001C57FF /* UserManagerVC.swift */,
				0143BBEB24476137001C57FF /* UserManagerVC.xib */,
			);
			path = UserManager;
			sourceTree = "<group>";
		};
		014686FD2447FA47008CE599 /* TableCell */ = {
			isa = PBXGroup;
			children = (
				0143BBEE24476285001C57FF /* UserManagerCell.swift */,
				0143BBEF24476285001C57FF /* UserManagerCell.xib */,
			);
			path = TableCell;
			sourceTree = "<group>";
		};
		0146B5D1243EC0EE000453E7 /* Product */ = {
			isa = PBXGroup;
			children = (
				0146B5D2243EC12B000453E7 /* PushProductVC.swift */,
				0146B5D3243EC12B000453E7 /* PushProductVC.xib */,
			);
			path = Product;
			sourceTree = "<group>";
		};
		01601EED24459CF900DC4F2C /* BuyProduct */ = {
			isa = PBXGroup;
			children = (
				A817068E24461761007C9F2C /* TableCell */,
				01601EEE24459F9000DC4F2C /* BuyProductVC.swift */,
				01601EEF24459F9000DC4F2C /* BuyProductVC.xib */,
				A817068A244612A1007C9F2C /* CheckOutVC.swift */,
				A817068B244612A1007C9F2C /* CheckOutVC.xib */,
				A883494B2446F8A200587024 /* PopupCheckOutVC.swift */,
				A883494C2446F8A200587024 /* PopupCheckOutVC.xib */,
			);
			path = BuyProduct;
			sourceTree = "<group>";
		};
		018759AF2447097D00EAEFE9 /* EditCell */ = {
			isa = PBXGroup;
			children = (
				018759B0244709DE00EAEFE9 /* EditCourseCell.swift */,
				018759B1244709DE00EAEFE9 /* EditCourseCell.xib */,
			);
			path = EditCell;
			sourceTree = "<group>";
		};
		01B56D3C243C6AE200B0D804 /* Course */ = {
			isa = PBXGroup;
			children = (
				01B56D3D243C6B6100B0D804 /* PushCourseVC.swift */,
				01B56D3E243C6B6100B0D804 /* PushCourseVC.xib */,
			);
			path = Course;
			sourceTree = "<group>";
		};
		9ED28F38BADF05BB1CF83CF1 /* Frameworks */ = {
			isa = PBXGroup;
			children = (
				7D77AEEF61AD4E30056EE1D3 /* Pods_TEE8ACADEMY.framework */,
			);
			name = Frameworks;
			sourceTree = "<group>";
		};
		A80CECE1243C233E001785DC /* Receipt */ = {
			isa = PBXGroup;
			children = (
				A80CECE8243C2D42001785DC /* Cell */,
				A80CECE2243C2374001785DC /* RegisterAccountVC.swift */,
				A80CECE3243C2374001785DC /* RegisterAccountVC.xib */,
			);
			path = Receipt;
			sourceTree = "<group>";
		};
		A80CECE8243C2D42001785DC /* Cell */ = {
			isa = PBXGroup;
			children = (
				A80CECF1243C354B001785DC /* RegisterAccountCell.swift */,
				A80CECF2243C354B001785DC /* RegisterAccountCell.xib */,
				A88349532447508B00587024 /* OrderCell.swift */,
				A88349542447508B00587024 /* OrderCell.xib */,
				A88349572447672000587024 /* ProductCell.swift */,
				A88349582447672000587024 /* ProductCell.xib */,
			);
			path = Cell;
			sourceTree = "<group>";
		};
		A812A52A243984CE009E3552 /* TableCell */ = {
			isa = PBXGroup;
			children = (
				014665E32438CC11008661E2 /* BuyCourseCell.swift */,
				014665E42438CC11008661E2 /* BuyCourseCell.xib */,
			);
			path = TableCell;
			sourceTree = "<group>";
		};
		A817068E24461761007C9F2C /* TableCell */ = {
			isa = PBXGroup;
			children = (
				A817068F244617A2007C9F2C /* CheckOutCell.swift */,
				A8170690244617A2007C9F2C /* CheckOutCell.xib */,
			);
			path = TableCell;
			sourceTree = "<group>";
		};
		A81843DE244487C3000BF147 /* Account */ = {
			isa = PBXGroup;
			children = (
				A81843DF244487F2000BF147 /* AccountVC.swift */,
			);
			path = Account;
			sourceTree = "<group>";
		};
		A819AFDC243F5AAF009AB1A6 /* TableCell */ = {
			isa = PBXGroup;
			children = (
				A819AFDD243F5AE5009AB1A6 /* AcademyCell.swift */,
				A819AFDE243F5AE5009AB1A6 /* AcademyCell.xib */,
			);
			path = TableCell;
			sourceTree = "<group>";
		};
		A821AB19243B8B950063A194 /* Admin */ = {
			isa = PBXGroup;
			children = (
				0143BBE924476102001C57FF /* UserManager */,
				01272F2B2445ECBF001A39ED /* EditCourse */,
				A821AB1A243B8BB40063A194 /* AdminPopupVC.swift */,
				A821AB1B243B8BB40063A194 /* AdminPopupVC.xib */,
				01B56D3C243C6AE200B0D804 /* Course */,
				0146B5D1243EC0EE000453E7 /* Product */,
				A80CECE1243C233E001785DC /* Receipt */,
			);
			path = Admin;
			sourceTree = "<group>";
		};
		A823C73B2438832E00F749C2 /* LoginRegisterFlow */ = {
			isa = PBXGroup;
			children = (
				A85FAAE724433E4200C2F723 /* BuyCourseFlow */,
				A88A42D1243A14720013BAFB /* Popup */,
				A812A52A243984CE009E3552 /* TableCell */,
				A85B7FF32438268E00CC4DCC /* ViewController.swift */,
				A823C74624388A0300F749C2 /* RegisterVC.swift */,
				A823C74724388A0300F749C2 /* RegisterVC.xib */,
				A810224A243DDC250089AE63 /* ForgetPasswordVC.swift */,
				A810224B243DDC250089AE63 /* ForgetPasswordVC.xib */,
				A85FAAE824433F0900C2F723 /* VerifyAccountVC.swift */,
				A85FAAE924433F0900C2F723 /* VerifyAccountVC.xib */,
				A85FAAEC24434E2C00C2F723 /* CreatePasswordVC.swift */,
				A85FAAED24434E2C00C2F723 /* CreatePasswordVC.xib */,
			);
			path = LoginRegisterFlow;
			sourceTree = "<group>";
		};
		A823C73C2438837900F749C2 /* Fonts */ = {
			isa = PBXGroup;
			children = (
				A823C7402438839C00F749C2 /* Quicksand-Bold.ttf */,
				A823C73F2438839C00F749C2 /* Quicksand-Light.ttf */,
				A823C73D2438839C00F749C2 /* Quicksand-Medium.ttf */,
				A823C73E2438839C00F749C2 /* Quicksand-Regular.ttf */,
			);
			path = Fonts;
			sourceTree = "<group>";
		};
		A83ABBEE243F49230039E64C /* CollectionCell */ = {
			isa = PBXGroup;
			children = (
				A83ABBEF243F495E0039E64C /* HeaderCell.swift */,
				A83ABBF0243F495E0039E64C /* HeaderCell.xib */,
				A8D91CF4243F4C240087A86E /* VideoCell.swift */,
				A8D91CF5243F4C240087A86E /* VideoCell.xib */,
			);
			path = CollectionCell;
			sourceTree = "<group>";
		};
		A85B7FE32438268E00CC4DCC = {
			isa = PBXGroup;
			children = (
				A85B7FEE2438268E00CC4DCC /* TEE8ACADEMY */,
				A85B7FED2438268E00CC4DCC /* Products */,
				C347418AB13050789E3343B6 /* Pods */,
				9ED28F38BADF05BB1CF83CF1 /* Frameworks */,
			);
			sourceTree = "<group>";
		};
		A85B7FED2438268E00CC4DCC /* Products */ = {
			isa = PBXGroup;
			children = (
				A85B7FEC2438268E00CC4DCC /* TEE 8 ACADEMY.app */,
			);
			name = Products;
			sourceTree = "<group>";
		};
		A85B7FEE2438268E00CC4DCC /* TEE8ACADEMY */ = {
			isa = PBXGroup;
			children = (
				A809087524407019002FA6E5 /* TEE 8 ACADEMY.entitlements */,
				A823C73C2438837900F749C2 /* Fonts */,
				A85B800C24382EBE00CC4DCC /* Extensions */,
				A85B80062438276900CC4DCC /* Base */,
				A85B80052438275200CC4DCC /* Model */,
				A85B80042438274900CC4DCC /* View */,
				A85B80032438273B00CC4DCC /* Controller */,
				A85B7FEF2438268E00CC4DCC /* AppDelegate.swift */,
				A85B7FF12438268E00CC4DCC /* SceneDelegate.swift */,
				A85B7FF82438268F00CC4DCC /* Assets.xcassets */,
				A85B7FFA2438268F00CC4DCC /* LaunchScreen.storyboard */,
				A85B7FFD2438268F00CC4DCC /* Info.plist */,
				A823C73324383DAF00F749C2 /* GoogleService-Info.plist */,
			);
			path = TEE8ACADEMY;
			sourceTree = "<group>";
		};
		A85B80032438273B00CC4DCC /* Controller */ = {
			isa = PBXGroup;
			children = (
				A821AB19243B8B950063A194 /* Admin */,
				A823C73B2438832E00F749C2 /* LoginRegisterFlow */,
				A85B800B243827C600CC4DCC /* Store */,
				A81843DE244487C3000BF147 /* Account */,
				A85B800A243827BF00CC4DCC /* Academy */,
			);
			path = Controller;
			sourceTree = "<group>";
		};
		A85B80042438274900CC4DCC /* View */ = {
			isa = PBXGroup;
			children = (
				A85B7FF52438268E00CC4DCC /* Main.storyboard */,
				A88A42CF243A08230013BAFB /* Tabbar.storyboard */,
			);
			path = View;
			sourceTree = "<group>";
		};
		A85B80052438275200CC4DCC /* Model */ = {
			isa = PBXGroup;
			children = (
				A8A700402438BC3200B2139D /* User.swift */,
				0146B5E0243F1550000453E7 /* Product.swift */,
				A819AFDA243F4FED009AB1A6 /* Video.swift */,
			);
			path = Model;
			sourceTree = "<group>";
		};
		A85B80062438276900CC4DCC /* Base */ = {
			isa = PBXGroup;
			children = (
				A85B80072438277C00CC4DCC /* BaseViewController.swift */,
				A899AA22243E2AF80032DCDA /* SessionData.swift */,
			);
			path = Base;
			sourceTree = "<group>";
		};
		A85B800A243827BF00CC4DCC /* Academy */ = {
			isa = PBXGroup;
			children = (
				A819AFDC243F5AAF009AB1A6 /* TableCell */,
				A83ABBEE243F49230039E64C /* CollectionCell */,
				A821AB15243B8AFB0063A194 /* AcademyVC.swift */,
			);
			path = Academy;
			sourceTree = "<group>";
		};
		A85B800B243827C600CC4DCC /* Store */ = {
			isa = PBXGroup;
			children = (
				01601EED24459CF900DC4F2C /* BuyProduct */,
				A821AB17243B8B1E0063A194 /* StoreVC.swift */,
			);
			path = Store;
			sourceTree = "<group>";
		};
		A85B800C24382EBE00CC4DCC /* Extensions */ = {
			isa = PBXGroup;
			children = (
				A8A7004A2438C6EF00B2139D /* Extensions.swift */,
				A88A42CD2439D99A0013BAFB /* Constant.swift */,
				A80CECE6243C23DE001785DC /* SegmentedControl.swift */,
				01000FA0243C89E7004733A2 /* CurrencyTextField.swift */,
			);
			path = Extensions;
			sourceTree = "<group>";
		};
		A85FAAE724433E4200C2F723 /* BuyCourseFlow */ = {
			isa = PBXGroup;
			children = (
				A8A700422438C2B700B2139D /* BuyCourseVC.swift */,
				A8A700432438C2B700B2139D /* BuyCourseVC.xib */,
				A8A700462438C62600B2139D /* SendReceiveVC.swift */,
				A8A700472438C62600B2139D /* SendReceiptVC.xib */,
			);
			path = BuyCourseFlow;
			sourceTree = "<group>";
		};
		A88A42D1243A14720013BAFB /* Popup */ = {
			isa = PBXGroup;
			children = (
				A88A42D2243A14B00013BAFB /* PopupPaymentVC.swift */,
				A88A42D3243A14B00013BAFB /* PopupPaymentVC.xib */,
				A810224E243DFCC60089AE63 /* ChangePasswordVC.swift */,
				A810224F243DFCC60089AE63 /* ChangePasswordVC.xib */,
			);
			path = Popup;
			sourceTree = "<group>";
		};
		C347418AB13050789E3343B6 /* Pods */ = {
			isa = PBXGroup;
			children = (
				5D0F17786205A1FAF2E65BC2 /* Pods-TEE8ACADEMY.debug.xcconfig */,
				EAAD0E2A462139679C3A5074 /* Pods-TEE8ACADEMY.release.xcconfig */,
			);
			path = Pods;
			sourceTree = "<group>";
		};
/* End PBXGroup section */

/* Begin PBXNativeTarget section */
		A85B7FEB2438268E00CC4DCC /* TEE8ACADEMY */ = {
			isa = PBXNativeTarget;
			buildConfigurationList = A85B80002438268F00CC4DCC /* Build configuration list for PBXNativeTarget "TEE8ACADEMY" */;
			buildPhases = (
				A00D9CB23239109BE245AA98 /* [CP] Check Pods Manifest.lock */,
				A85B7FE82438268E00CC4DCC /* Sources */,
				A85B7FE92438268E00CC4DCC /* Frameworks */,
				A85B7FEA2438268E00CC4DCC /* Resources */,
				E3EDFF98BA63AED7AA0DADCC /* [CP] Embed Pods Frameworks */,
			);
			buildRules = (
			);
			dependencies = (
			);
			name = TEE8ACADEMY;
			productName = TEE8ACADEMY;
			productReference = A85B7FEC2438268E00CC4DCC /* TEE 8 ACADEMY.app */;
			productType = "com.apple.product-type.application";
		};
/* End PBXNativeTarget section */

/* Begin PBXProject section */
		A85B7FE42438268E00CC4DCC /* Project object */ = {
			isa = PBXProject;
			attributes = {
				LastSwiftUpdateCheck = 1130;
				LastUpgradeCheck = 1130;
				ORGANIZATIONNAME = Fighting;
				TargetAttributes = {
					A85B7FEB2438268E00CC4DCC = {
						CreatedOnToolsVersion = 11.3.1;
					};
				};
			};
			buildConfigurationList = A85B7FE72438268E00CC4DCC /* Build configuration list for PBXProject "TEE8ACADEMY" */;
			compatibilityVersion = "Xcode 9.3";
			developmentRegion = en;
			hasScannedForEncodings = 0;
			knownRegions = (
				en,
				Base,
			);
			mainGroup = A85B7FE32438268E00CC4DCC;
			productRefGroup = A85B7FED2438268E00CC4DCC /* Products */;
			projectDirPath = "";
			projectRoot = "";
			targets = (
				A85B7FEB2438268E00CC4DCC /* TEE8ACADEMY */,
			);
		};
/* End PBXProject section */

/* Begin PBXResourcesBuildPhase section */
		A85B7FEA2438268E00CC4DCC /* Resources */ = {
			isa = PBXResourcesBuildPhase;
			buildActionMask = 2147483647;
			files = (
				A85B7FFC2438268F00CC4DCC /* LaunchScreen.storyboard in Resources */,
				0143BBE824474B84001C57FF /* DeletePopUpVC.xib in Resources */,
				A883495A2447672000587024 /* ProductCell.xib in Resources */,
				A823C7422438839C00F749C2 /* Quicksand-Regular.ttf in Resources */,
				A88A42D0243A08230013BAFB /* Tabbar.storyboard in Resources */,
				01B56D40243C6B6100B0D804 /* PushCourseVC.xib in Resources */,
				A819AFE0243F5AE5009AB1A6 /* AcademyCell.xib in Resources */,
				A823C73424383DAF00F749C2 /* GoogleService-Info.plist in Resources */,
				014665E62438CC11008661E2 /* BuyCourseCell.xib in Resources */,
				A80CECE5243C2374001785DC /* RegisterAccountVC.xib in Resources */,
				A823C74924388A0300F749C2 /* RegisterVC.xib in Resources */,
				01601EF124459F9000DC4F2C /* BuyProductVC.xib in Resources */,
				A823C7432438839C00F749C2 /* Quicksand-Light.ttf in Resources */,
				A85B7FF92438268F00CC4DCC /* Assets.xcassets in Resources */,
				0143BBF124476285001C57FF /* UserManagerCell.xib in Resources */,
				A8A700452438C2B700B2139D /* BuyCourseVC.xib in Resources */,
				A85B7FF72438268E00CC4DCC /* Main.storyboard in Resources */,
				A85FAAEF24434E2C00C2F723 /* CreatePasswordVC.xib in Resources */,
				A810224D243DDC250089AE63 /* ForgetPasswordVC.xib in Resources */,
				A8D91CF7243F4C240087A86E /* VideoCell.xib in Resources */,
				A823C7412438839C00F749C2 /* Quicksand-Medium.ttf in Resources */,
				A8170692244617A2007C9F2C /* CheckOutCell.xib in Resources */,
				A817068D244612A1007C9F2C /* CheckOutVC.xib in Resources */,
				A8A700492438C62600B2139D /* SendReceiptVC.xib in Resources */,
				A8102251243DFCC60089AE63 /* ChangePasswordVC.xib in Resources */,
				0143BBED24476137001C57FF /* UserManagerVC.xib in Resources */,
				A83ABBF2243F495E0039E64C /* HeaderCell.xib in Resources */,
				A88349562447508B00587024 /* OrderCell.xib in Resources */,
				A821AB1D243B8BB40063A194 /* AdminPopupVC.xib in Resources */,
				A88A42D5243A14B00013BAFB /* PopupPaymentVC.xib in Resources */,
				01272F332445F55E001A39ED /* EditPopUpVC.xib in Resources */,
				A823C7442438839C00F749C2 /* Quicksand-Bold.ttf in Resources */,
				A85FAAEB24433F0900C2F723 /* VerifyAccountVC.xib in Resources */,
				018759B3244709DE00EAEFE9 /* EditCourseCell.xib in Resources */,
				01272F2F2445ECED001A39ED /* EditCourseVC.xib in Resources */,
				A883494E2446F8A200587024 /* PopupCheckOutVC.xib in Resources */,
				A80CECF4243C354B001785DC /* RegisterAccountCell.xib in Resources */,
				0146B5D5243EC12B000453E7 /* PushProductVC.xib in Resources */,
			);
			runOnlyForDeploymentPostprocessing = 0;
		};
/* End PBXResourcesBuildPhase section */

/* Begin PBXShellScriptBuildPhase section */
		A00D9CB23239109BE245AA98 /* [CP] Check Pods Manifest.lock */ = {
			isa = PBXShellScriptBuildPhase;
			buildActionMask = 2147483647;
			files = (
			);
			inputFileListPaths = (
			);
			inputPaths = (
				"${PODS_PODFILE_DIR_PATH}/Podfile.lock",
				"${PODS_ROOT}/Manifest.lock",
			);
			name = "[CP] Check Pods Manifest.lock";
			outputFileListPaths = (
			);
			outputPaths = (
				"$(DERIVED_FILE_DIR)/Pods-TEE8ACADEMY-checkManifestLockResult.txt",
			);
			runOnlyForDeploymentPostprocessing = 0;
			shellPath = /bin/sh;
			shellScript = "diff \"${PODS_PODFILE_DIR_PATH}/Podfile.lock\" \"${PODS_ROOT}/Manifest.lock\" > /dev/null\nif [ $? != 0 ] ; then\n    # print error to STDERR\n    echo \"error: The sandbox is not in sync with the Podfile.lock. Run 'pod install' or update your CocoaPods installation.\" >&2\n    exit 1\nfi\n# This output is used by Xcode 'outputs' to avoid re-running this script phase.\necho \"SUCCESS\" > \"${SCRIPT_OUTPUT_FILE_0}\"\n";
			showEnvVarsInLog = 0;
		};
		E3EDFF98BA63AED7AA0DADCC /* [CP] Embed Pods Frameworks */ = {
			isa = PBXShellScriptBuildPhase;
			buildActionMask = 2147483647;
			files = (
			);
			inputFileListPaths = (
				"${PODS_ROOT}/Target Support Files/Pods-TEE8ACADEMY/Pods-TEE8ACADEMY-frameworks-${CONFIGURATION}-input-files.xcfilelist",
			);
			name = "[CP] Embed Pods Frameworks";
			outputFileListPaths = (
				"${PODS_ROOT}/Target Support Files/Pods-TEE8ACADEMY/Pods-TEE8ACADEMY-frameworks-${CONFIGURATION}-output-files.xcfilelist",
			);
			runOnlyForDeploymentPostprocessing = 0;
			shellPath = /bin/sh;
			shellScript = "\"${PODS_ROOT}/Target Support Files/Pods-TEE8ACADEMY/Pods-TEE8ACADEMY-frameworks.sh\"\n";
			showEnvVarsInLog = 0;
		};
/* End PBXShellScriptBuildPhase section */

/* Begin PBXSourcesBuildPhase section */
		A85B7FE82438268E00CC4DCC /* Sources */ = {
			isa = PBXSourcesBuildPhase;
			buildActionMask = 2147483647;
			files = (
				A8A700482438C62600B2139D /* SendReceiveVC.swift in Sources */,
				A80CECE4243C2374001785DC /* RegisterAccountVC.swift in Sources */,
				A817068C244612A1007C9F2C /* CheckOutVC.swift in Sources */,
				01601EF024459F9000DC4F2C /* BuyProductVC.swift in Sources */,
				A85B7FF42438268E00CC4DCC /* ViewController.swift in Sources */,
				A8102250243DFCC60089AE63 /* ChangePasswordVC.swift in Sources */,
				0143BBF024476285001C57FF /* UserManagerCell.swift in Sources */,
				01272F2E2445ECED001A39ED /* EditCourseVC.swift in Sources */,
				A83ABBF1243F495E0039E64C /* HeaderCell.swift in Sources */,
				A819AFDB243F4FED009AB1A6 /* Video.swift in Sources */,
				A8D91CF6243F4C240087A86E /* VideoCell.swift in Sources */,
				0143BBE724474B84001C57FF /* DeletePopUpVC.swift in Sources */,
				A8A700442438C2B700B2139D /* BuyCourseVC.swift in Sources */,
				A85B80082438277C00CC4DCC /* BaseViewController.swift in Sources */,
				A821AB16243B8AFB0063A194 /* AcademyVC.swift in Sources */,
				A88A42D4243A14B00013BAFB /* PopupPaymentVC.swift in Sources */,
				A85FAAEA24433F0900C2F723 /* VerifyAccountVC.swift in Sources */,
				018759B2244709DE00EAEFE9 /* EditCourseCell.swift in Sources */,
				A85B7FF02438268E00CC4DCC /* AppDelegate.swift in Sources */,
				A88349592447672000587024 /* ProductCell.swift in Sources */,
				A8170691244617A2007C9F2C /* CheckOutCell.swift in Sources */,
				A80CECF3243C354B001785DC /* RegisterAccountCell.swift in Sources */,
				A821AB1C243B8BB40063A194 /* AdminPopupVC.swift in Sources */,
				01B56D3F243C6B6100B0D804 /* PushCourseVC.swift in Sources */,
				A81843E0244487F2000BF147 /* AccountVC.swift in Sources */,
				A88349552447508B00587024 /* OrderCell.swift in Sources */,
				0143BBEC24476137001C57FF /* UserManagerVC.swift in Sources */,
				01272F322445F55E001A39ED /* EditPopUpVC.swift in Sources */,
				A8A700412438BC3200B2139D /* User.swift in Sources */,
				A819AFDF243F5AE5009AB1A6 /* AcademyCell.swift in Sources */,
				A821AB18243B8B1E0063A194 /* StoreVC.swift in Sources */,
				A823C74824388A0300F749C2 /* RegisterVC.swift in Sources */,
				A80CECE7243C23DE001785DC /* SegmentedControl.swift in Sources */,
				0146B5D4243EC12B000453E7 /* PushProductVC.swift in Sources */,
				A88A42CE2439D99A0013BAFB /* Constant.swift in Sources */,
				A8A7004B2438C6EF00B2139D /* Extensions.swift in Sources */,
				A85FAAEE24434E2C00C2F723 /* CreatePasswordVC.swift in Sources */,
				0146B5E1243F1550000453E7 /* Product.swift in Sources */,
				A899AA23243E2AF80032DCDA /* SessionData.swift in Sources */,
				A85B7FF22438268E00CC4DCC /* SceneDelegate.swift in Sources */,
				01000FA1243C89E7004733A2 /* CurrencyTextField.swift in Sources */,
				A810224C243DDC250089AE63 /* ForgetPasswordVC.swift in Sources */,
				014665E52438CC11008661E2 /* BuyCourseCell.swift in Sources */,
				A883494D2446F8A200587024 /* PopupCheckOutVC.swift in Sources */,
			);
			runOnlyForDeploymentPostprocessing = 0;
		};
/* End PBXSourcesBuildPhase section */

/* Begin PBXVariantGroup section */
		A85B7FF52438268E00CC4DCC /* Main.storyboard */ = {
			isa = PBXVariantGroup;
			children = (
				A85B7FF62438268E00CC4DCC /* Base */,
			);
			name = Main.storyboard;
			sourceTree = "<group>";
		};
		A85B7FFA2438268F00CC4DCC /* LaunchScreen.storyboard */ = {
			isa = PBXVariantGroup;
			children = (
				A85B7FFB2438268F00CC4DCC /* Base */,
			);
			name = LaunchScreen.storyboard;
			sourceTree = "<group>";
		};
/* End PBXVariantGroup section */

/* Begin XCBuildConfiguration section */
		A85B7FFE2438268F00CC4DCC /* Debug */ = {
			isa = XCBuildConfiguration;
			buildSettings = {
				ALWAYS_SEARCH_USER_PATHS = NO;
				CLANG_ANALYZER_NONNULL = YES;
				CLANG_ANALYZER_NUMBER_OBJECT_CONVERSION = YES_AGGRESSIVE;
				CLANG_CXX_LANGUAGE_STANDARD = "gnu++14";
				CLANG_CXX_LIBRARY = "libc++";
				CLANG_ENABLE_MODULES = YES;
				CLANG_ENABLE_OBJC_ARC = YES;
				CLANG_ENABLE_OBJC_WEAK = YES;
				CLANG_WARN_BLOCK_CAPTURE_AUTORELEASING = YES;
				CLANG_WARN_BOOL_CONVERSION = YES;
				CLANG_WARN_COMMA = YES;
				CLANG_WARN_CONSTANT_CONVERSION = YES;
				CLANG_WARN_DEPRECATED_OBJC_IMPLEMENTATIONS = YES;
				CLANG_WARN_DIRECT_OBJC_ISA_USAGE = YES_ERROR;
				CLANG_WARN_DOCUMENTATION_COMMENTS = YES;
				CLANG_WARN_EMPTY_BODY = YES;
				CLANG_WARN_ENUM_CONVERSION = YES;
				CLANG_WARN_INFINITE_RECURSION = YES;
				CLANG_WARN_INT_CONVERSION = YES;
				CLANG_WARN_NON_LITERAL_NULL_CONVERSION = YES;
				CLANG_WARN_OBJC_IMPLICIT_RETAIN_SELF = YES;
				CLANG_WARN_OBJC_LITERAL_CONVERSION = YES;
				CLANG_WARN_OBJC_ROOT_CLASS = YES_ERROR;
				CLANG_WARN_RANGE_LOOP_ANALYSIS = YES;
				CLANG_WARN_STRICT_PROTOTYPES = YES;
				CLANG_WARN_SUSPICIOUS_MOVE = YES;
				CLANG_WARN_UNGUARDED_AVAILABILITY = YES_AGGRESSIVE;
				CLANG_WARN_UNREACHABLE_CODE = YES;
				CLANG_WARN__DUPLICATE_METHOD_MATCH = YES;
				COPY_PHASE_STRIP = NO;
				DEBUG_INFORMATION_FORMAT = dwarf;
				ENABLE_STRICT_OBJC_MSGSEND = YES;
				ENABLE_TESTABILITY = YES;
				GCC_C_LANGUAGE_STANDARD = gnu11;
				GCC_DYNAMIC_NO_PIC = NO;
				GCC_NO_COMMON_BLOCKS = YES;
				GCC_OPTIMIZATION_LEVEL = 0;
				GCC_PREPROCESSOR_DEFINITIONS = (
					"DEBUG=1",
					"$(inherited)",
				);
				GCC_WARN_64_TO_32_BIT_CONVERSION = YES;
				GCC_WARN_ABOUT_RETURN_TYPE = YES_ERROR;
				GCC_WARN_UNDECLARED_SELECTOR = YES;
				GCC_WARN_UNINITIALIZED_AUTOS = YES_AGGRESSIVE;
				GCC_WARN_UNUSED_FUNCTION = YES;
				GCC_WARN_UNUSED_VARIABLE = YES;
				IPHONEOS_DEPLOYMENT_TARGET = 13.2;
				MTL_ENABLE_DEBUG_INFO = INCLUDE_SOURCE;
				MTL_FAST_MATH = YES;
				ONLY_ACTIVE_ARCH = YES;
				SDKROOT = iphoneos;
				SWIFT_ACTIVE_COMPILATION_CONDITIONS = DEBUG;
				SWIFT_OPTIMIZATION_LEVEL = "-Onone";
			};
			name = Debug;
		};
		A85B7FFF2438268F00CC4DCC /* Release */ = {
			isa = XCBuildConfiguration;
			buildSettings = {
				ALWAYS_SEARCH_USER_PATHS = NO;
				CLANG_ANALYZER_NONNULL = YES;
				CLANG_ANALYZER_NUMBER_OBJECT_CONVERSION = YES_AGGRESSIVE;
				CLANG_CXX_LANGUAGE_STANDARD = "gnu++14";
				CLANG_CXX_LIBRARY = "libc++";
				CLANG_ENABLE_MODULES = YES;
				CLANG_ENABLE_OBJC_ARC = YES;
				CLANG_ENABLE_OBJC_WEAK = YES;
				CLANG_WARN_BLOCK_CAPTURE_AUTORELEASING = YES;
				CLANG_WARN_BOOL_CONVERSION = YES;
				CLANG_WARN_COMMA = YES;
				CLANG_WARN_CONSTANT_CONVERSION = YES;
				CLANG_WARN_DEPRECATED_OBJC_IMPLEMENTATIONS = YES;
				CLANG_WARN_DIRECT_OBJC_ISA_USAGE = YES_ERROR;
				CLANG_WARN_DOCUMENTATION_COMMENTS = YES;
				CLANG_WARN_EMPTY_BODY = YES;
				CLANG_WARN_ENUM_CONVERSION = YES;
				CLANG_WARN_INFINITE_RECURSION = YES;
				CLANG_WARN_INT_CONVERSION = YES;
				CLANG_WARN_NON_LITERAL_NULL_CONVERSION = YES;
				CLANG_WARN_OBJC_IMPLICIT_RETAIN_SELF = YES;
				CLANG_WARN_OBJC_LITERAL_CONVERSION = YES;
				CLANG_WARN_OBJC_ROOT_CLASS = YES_ERROR;
				CLANG_WARN_RANGE_LOOP_ANALYSIS = YES;
				CLANG_WARN_STRICT_PROTOTYPES = YES;
				CLANG_WARN_SUSPICIOUS_MOVE = YES;
				CLANG_WARN_UNGUARDED_AVAILABILITY = YES_AGGRESSIVE;
				CLANG_WARN_UNREACHABLE_CODE = YES;
				CLANG_WARN__DUPLICATE_METHOD_MATCH = YES;
				COPY_PHASE_STRIP = NO;
				DEBUG_INFORMATION_FORMAT = "dwarf-with-dsym";
				ENABLE_NS_ASSERTIONS = NO;
				ENABLE_STRICT_OBJC_MSGSEND = YES;
				GCC_C_LANGUAGE_STANDARD = gnu11;
				GCC_NO_COMMON_BLOCKS = YES;
				GCC_WARN_64_TO_32_BIT_CONVERSION = YES;
				GCC_WARN_ABOUT_RETURN_TYPE = YES_ERROR;
				GCC_WARN_UNDECLARED_SELECTOR = YES;
				GCC_WARN_UNINITIALIZED_AUTOS = YES_AGGRESSIVE;
				GCC_WARN_UNUSED_FUNCTION = YES;
				GCC_WARN_UNUSED_VARIABLE = YES;
				IPHONEOS_DEPLOYMENT_TARGET = 13.2;
				MTL_ENABLE_DEBUG_INFO = NO;
				MTL_FAST_MATH = YES;
				SDKROOT = iphoneos;
				SWIFT_COMPILATION_MODE = wholemodule;
				SWIFT_OPTIMIZATION_LEVEL = "-O";
				VALIDATE_PRODUCT = YES;
			};
			name = Release;
		};
		A85B80012438268F00CC4DCC /* Debug */ = {
			isa = XCBuildConfiguration;
			baseConfigurationReference = 5D0F17786205A1FAF2E65BC2 /* Pods-TEE8ACADEMY.debug.xcconfig */;
			buildSettings = {
				ASSETCATALOG_COMPILER_APPICON_NAME = AppIcon;
				CODE_SIGN_ENTITLEMENTS = "TEE8ACADEMY/TEE 8 ACADEMY.entitlements";
				CODE_SIGN_STYLE = Automatic;
				CURRENT_PROJECT_VERSION = 3;
				DEVELOPMENT_TEAM = 2J3K999PRZ;
				INFOPLIST_FILE = TEE8ACADEMY/Info.plist;
				IPHONEOS_DEPLOYMENT_TARGET = 11.0;
				LD_RUNPATH_SEARCH_PATHS = (
					"$(inherited)",
					"@executable_path/Frameworks",
				);
				PRODUCT_BUNDLE_IDENTIFIER = Fighting.TEE8ACADEMY;
				PRODUCT_NAME = "TEE 8 ACADEMY";
				SWIFT_VERSION = 5.0;
				TARGETED_DEVICE_FAMILY = 1;
			};
			name = Debug;
		};
		A85B80022438268F00CC4DCC /* Release */ = {
			isa = XCBuildConfiguration;
			baseConfigurationReference = EAAD0E2A462139679C3A5074 /* Pods-TEE8ACADEMY.release.xcconfig */;
			buildSettings = {
				ASSETCATALOG_COMPILER_APPICON_NAME = AppIcon;
				CODE_SIGN_ENTITLEMENTS = "TEE8ACADEMY/TEE 8 ACADEMY.entitlements";
				CODE_SIGN_STYLE = Automatic;
				CURRENT_PROJECT_VERSION = 3;
				DEVELOPMENT_TEAM = 2J3K999PRZ;
				INFOPLIST_FILE = TEE8ACADEMY/Info.plist;
				IPHONEOS_DEPLOYMENT_TARGET = 11.0;
				LD_RUNPATH_SEARCH_PATHS = (
					"$(inherited)",
					"@executable_path/Frameworks",
				);
				PRODUCT_BUNDLE_IDENTIFIER = Fighting.TEE8ACADEMY;
				PRODUCT_NAME = "TEE 8 ACADEMY";
				SWIFT_VERSION = 5.0;
				TARGETED_DEVICE_FAMILY = 1;
			};
			name = Release;
		};
/* End XCBuildConfiguration section */

/* Begin XCConfigurationList section */
		A85B7FE72438268E00CC4DCC /* Build configuration list for PBXProject "TEE8ACADEMY" */ = {
			isa = XCConfigurationList;
			buildConfigurations = (
				A85B7FFE2438268F00CC4DCC /* Debug */,
				A85B7FFF2438268F00CC4DCC /* Release */,
			);
			defaultConfigurationIsVisible = 0;
			defaultConfigurationName = Release;
		};
		A85B80002438268F00CC4DCC /* Build configuration list for PBXNativeTarget "TEE8ACADEMY" */ = {
			isa = XCConfigurationList;
			buildConfigurations = (
				A85B80012438268F00CC4DCC /* Debug */,
				A85B80022438268F00CC4DCC /* Release */,
			);
			defaultConfigurationIsVisible = 0;
			defaultConfigurationName = Release;
		};
/* End XCConfigurationList section */
	};
	rootObject = A85B7FE42438268E00CC4DCC /* Project object */;
}
